// !$*UTF8*$!
{
	archiveVersion = 1;
	classes = {
	};
	objectVersion = 46;
	objects = {

/* Begin PBXBuildFile section */
		17646A5F2080F807002AC130 /* ServerOperation.swift in Sources */ = {isa = PBXBuildFile; fileRef = C986F3BD1F1A54B300C05108 /* ServerOperation.swift */; };
		1794418B207787F7006153E6 /* Result.swift in Sources */ = {isa = PBXBuildFile; fileRef = 1794418A207787F7006153E6 /* Result.swift */; };
		833804F41F87642100546301 /* TinyNetworking.swift in Sources */ = {isa = PBXBuildFile; fileRef = 833804F31F87642100546301 /* TinyNetworking.swift */; };
		83A8F97A1F87701000973E0A /* TempFile.swift in Sources */ = {isa = PBXBuildFile; fileRef = 83A8F9791F87701000973E0A /* TempFile.swift */; };
		C901E682201DF24100E95407 /* Item.swift in Sources */ = {isa = PBXBuildFile; fileRef = C901E67F201DF24100E95407 /* Item.swift */; };
		C901E683201DF24100E95407 /* Recording.swift in Sources */ = {isa = PBXBuildFile; fileRef = C901E680201DF24100E95407 /* Recording.swift */; };
		C901E684201DF24100E95407 /* Folder.swift in Sources */ = {isa = PBXBuildFile; fileRef = C901E681201DF24100E95407 /* Folder.swift */; };
		C90B60971EC00343008C9347 /* Server.swift in Sources */ = {isa = PBXBuildFile; fileRef = C90B60961EC00343008C9347 /* Server.swift */; };
		C9CFB02E1EC085CF004529FC /* Recorder.swift in Sources */ = {isa = PBXBuildFile; fileRef = C9CFB02D1EC085CF004529FC /* Recorder.swift */; };
		C9CFB0301EC08ACF004529FC /* Utilities.swift in Sources */ = {isa = PBXBuildFile; fileRef = C9CFB02F1EC08ACF004529FC /* Utilities.swift */; };
		C9CFB0321EC08D7E004529FC /* Player.swift in Sources */ = {isa = PBXBuildFile; fileRef = C9CFB0311EC08D7E004529FC /* Player.swift */; };
		C9D1859C1EC02D830028C0FA /* RecordViewController.swift in Sources */ = {isa = PBXBuildFile; fileRef = C9D1859B1EC02D830028C0FA /* RecordViewController.swift */; };
		C9DDB0CB1F166BC6004B72A3 /* ServerViewController.swift in Sources */ = {isa = PBXBuildFile; fileRef = C9DDB0CA1F166BC6004B72A3 /* ServerViewController.swift */; };
		C9EB56C11EAE33C1000EC5F4 /* AppDelegate.swift in Sources */ = {isa = PBXBuildFile; fileRef = C9EB56C01EAE33C1000EC5F4 /* AppDelegate.swift */; };
		C9EB56C31EAE33C1000EC5F4 /* FolderViewController.swift in Sources */ = {isa = PBXBuildFile; fileRef = C9EB56C21EAE33C1000EC5F4 /* FolderViewController.swift */; };
		C9EB56C51EAE33C1000EC5F4 /* PlayViewController.swift in Sources */ = {isa = PBXBuildFile; fileRef = C9EB56C41EAE33C1000EC5F4 /* PlayViewController.swift */; };
		C9EB56C81EAE33C1000EC5F4 /* Main.storyboard in Resources */ = {isa = PBXBuildFile; fileRef = C9EB56C61EAE33C1000EC5F4 /* Main.storyboard */; };
		C9EB56CA1EAE33C1000EC5F4 /* Assets.xcassets in Resources */ = {isa = PBXBuildFile; fileRef = C9EB56C91EAE33C1000EC5F4 /* Assets.xcassets */; };
		C9EB56CD1EAE33C1000EC5F4 /* LaunchScreen.storyboard in Resources */ = {isa = PBXBuildFile; fileRef = C9EB56CB1EAE33C1000EC5F4 /* LaunchScreen.storyboard */; };
/* End PBXBuildFile section */

/* Begin PBXFileReference section */
		1794418A207787F7006153E6 /* Result.swift */ = {isa = PBXFileReference; lastKnownFileType = sourcecode.swift; path = Result.swift; sourceTree = "<group>"; };
		833804F31F87642100546301 /* TinyNetworking.swift */ = {isa = PBXFileReference; lastKnownFileType = sourcecode.swift; path = TinyNetworking.swift; sourceTree = "<group>"; };
		83A8F9791F87701000973E0A /* TempFile.swift */ = {isa = PBXFileReference; lastKnownFileType = sourcecode.swift; path = TempFile.swift; sourceTree = "<group>"; };
		C901E67F201DF24100E95407 /* Item.swift */ = {isa = PBXFileReference; fileEncoding = 4; lastKnownFileType = sourcecode.swift; path = Item.swift; sourceTree = "<group>"; };
		C901E680201DF24100E95407 /* Recording.swift */ = {isa = PBXFileReference; fileEncoding = 4; lastKnownFileType = sourcecode.swift; path = Recording.swift; sourceTree = "<group>"; };
		C901E681201DF24100E95407 /* Folder.swift */ = {isa = PBXFileReference; fileEncoding = 4; lastKnownFileType = sourcecode.swift; path = Folder.swift; sourceTree = "<group>"; };
		C90B60961EC00343008C9347 /* Server.swift */ = {isa = PBXFileReference; fileEncoding = 4; lastKnownFileType = sourcecode.swift; path = Server.swift; sourceTree = "<group>"; };
		C986F3BD1F1A54B300C05108 /* ServerOperation.swift */ = {isa = PBXFileReference; lastKnownFileType = sourcecode.swift; path = ServerOperation.swift; sourceTree = "<group>"; };
		C9CFB02D1EC085CF004529FC /* Recorder.swift */ = {isa = PBXFileReference; fileEncoding = 4; lastKnownFileType = sourcecode.swift; path = Recorder.swift; sourceTree = "<group>"; };
		C9CFB02F1EC08ACF004529FC /* Utilities.swift */ = {isa = PBXFileReference; fileEncoding = 4; lastKnownFileType = sourcecode.swift; path = Utilities.swift; sourceTree = "<group>"; };
		C9CFB0311EC08D7E004529FC /* Player.swift */ = {isa = PBXFileReference; fileEncoding = 4; lastKnownFileType = sourcecode.swift; path = Player.swift; sourceTree = "<group>"; };
		C9D1859B1EC02D830028C0FA /* RecordViewController.swift */ = {isa = PBXFileReference; fileEncoding = 4; lastKnownFileType = sourcecode.swift; path = RecordViewController.swift; sourceTree = "<group>"; };
		C9DDB0CA1F166BC6004B72A3 /* ServerViewController.swift */ = {isa = PBXFileReference; lastKnownFileType = sourcecode.swift; path = ServerViewController.swift; sourceTree = "<group>"; };
		C9EB56BD1EAE33C1000EC5F4 /* Recordings.app */ = {isa = PBXFileReference; explicitFileType = wrapper.application; includeInIndex = 0; path = Recordings.app; sourceTree = BUILT_PRODUCTS_DIR; };
		C9EB56C01EAE33C1000EC5F4 /* AppDelegate.swift */ = {isa = PBXFileReference; lastKnownFileType = sourcecode.swift; path = AppDelegate.swift; sourceTree = "<group>"; };
		C9EB56C21EAE33C1000EC5F4 /* FolderViewController.swift */ = {isa = PBXFileReference; indentWidth = 3; lastKnownFileType = sourcecode.swift; path = FolderViewController.swift; sourceTree = "<group>"; tabWidth = 3; usesTabs = 1; };
		C9EB56C41EAE33C1000EC5F4 /* PlayViewController.swift */ = {isa = PBXFileReference; lastKnownFileType = sourcecode.swift; path = PlayViewController.swift; sourceTree = "<group>"; };
		C9EB56C71EAE33C1000EC5F4 /* Base */ = {isa = PBXFileReference; lastKnownFileType = file.storyboard; name = Base; path = Base.lproj/Main.storyboard; sourceTree = "<group>"; };
		C9EB56C91EAE33C1000EC5F4 /* Assets.xcassets */ = {isa = PBXFileReference; lastKnownFileType = folder.assetcatalog; path = Assets.xcassets; sourceTree = "<group>"; };
		C9EB56CC1EAE33C1000EC5F4 /* Base */ = {isa = PBXFileReference; lastKnownFileType = file.storyboard; name = Base; path = Base.lproj/LaunchScreen.storyboard; sourceTree = "<group>"; };
		C9EB56CE1EAE33C1000EC5F4 /* Info.plist */ = {isa = PBXFileReference; lastKnownFileType = text.plist.xml; path = Info.plist; sourceTree = "<group>"; };
/* End PBXFileReference section */

/* Begin PBXFrameworksBuildPhase section */
		C9EB56BA1EAE33C1000EC5F4 /* Frameworks */ = {
			isa = PBXFrameworksBuildPhase;
			buildActionMask = 2147483647;
			files = (
			);
			runOnlyForDeploymentPostprocessing = 0;
		};
/* End PBXFrameworksBuildPhase section */

/* Begin PBXGroup section */
		C9A2F4FD1F1C6249008678BF /* Network Operations */ = {
			isa = PBXGroup;
			children = (
				C986F3BD1F1A54B300C05108 /* ServerOperation.swift */,
			);
			name = "Network Operations";
			sourceTree = "<group>";
		};
		C9CFB02C1EC085B2004529FC /* Helpers */ = {
			isa = PBXGroup;
			children = (
				C9CFB0311EC08D7E004529FC /* Player.swift */,
				C9CFB02D1EC085CF004529FC /* Recorder.swift */,
				C9CFB02F1EC08ACF004529FC /* Utilities.swift */,
				833804F31F87642100546301 /* TinyNetworking.swift */,
				1794418A207787F7006153E6 /* Result.swift */,
				83A8F9791F87701000973E0A /* TempFile.swift */,
			);
			name = Helpers;
			sourceTree = "<group>";
		};
		C9CFB0331EC09411004529FC /* Model */ = {
			isa = PBXGroup;
			children = (
				C90B60961EC00343008C9347 /* Server.swift */,
				C901E681201DF24100E95407 /* Folder.swift */,
				C901E67F201DF24100E95407 /* Item.swift */,
				C901E680201DF24100E95407 /* Recording.swift */,
			);
			name = Model;
			sourceTree = "<group>";
		};
		C9CFB03A1EC09B12004529FC /* App+Views */ = {
			isa = PBXGroup;
			children = (
				C9EB56C01EAE33C1000EC5F4 /* AppDelegate.swift */,
				C9DDB0CA1F166BC6004B72A3 /* ServerViewController.swift */,
				C9EB56C21EAE33C1000EC5F4 /* FolderViewController.swift */,
				C9EB56C41EAE33C1000EC5F4 /* PlayViewController.swift */,
				C9D1859B1EC02D830028C0FA /* RecordViewController.swift */,
			);
			name = "App+Views";
			sourceTree = "<group>";
		};
		C9EB56B41EAE33C1000EC5F4 = {
			isa = PBXGroup;
			children = (
				C9EB56BF1EAE33C1000EC5F4 /* RecordingsClient */,
				C9EB56BE1EAE33C1000EC5F4 /* Products */,
			);
			indentWidth = 3;
			sourceTree = "<group>";
			tabWidth = 3;
			usesTabs = 1;
		};
		C9EB56BE1EAE33C1000EC5F4 /* Products */ = {
			isa = PBXGroup;
			children = (
				C9EB56BD1EAE33C1000EC5F4 /* Recordings.app */,
			);
			name = Products;
			sourceTree = "<group>";
		};
		C9EB56BF1EAE33C1000EC5F4 /* RecordingsClient */ = {
			isa = PBXGroup;
			children = (
				C9CFB03A1EC09B12004529FC /* App+Views */,
				C9A2F4FD1F1C6249008678BF /* Network Operations */,
				C9CFB0331EC09411004529FC /* Model */,
				C9CFB02C1EC085B2004529FC /* Helpers */,
				C9EB56C91EAE33C1000EC5F4 /* Assets.xcassets */,
				C9EB56C61EAE33C1000EC5F4 /* Main.storyboard */,
				C9EB56CB1EAE33C1000EC5F4 /* LaunchScreen.storyboard */,
				C9EB56CE1EAE33C1000EC5F4 /* Info.plist */,
			);
			path = RecordingsClient;
			sourceTree = "<group>";
		};
/* End PBXGroup section */

/* Begin PBXNativeTarget section */
		C9EB56BC1EAE33C1000EC5F4 /* RecordingsClient */ = {
			isa = PBXNativeTarget;
			buildConfigurationList = C9EB56D11EAE33C1000EC5F4 /* Build configuration list for PBXNativeTarget "RecordingsClient" */;
			buildPhases = (
				C9EB56B91EAE33C1000EC5F4 /* Sources */,
				C9EB56BA1EAE33C1000EC5F4 /* Frameworks */,
				C9EB56BB1EAE33C1000EC5F4 /* Resources */,
			);
			buildRules = (
			);
			dependencies = (
			);
			name = RecordingsClient;
			productName = Recordings;
			productReference = C9EB56BD1EAE33C1000EC5F4 /* Recordings.app */;
			productType = "com.apple.product-type.application";
		};
/* End PBXNativeTarget section */

/* Begin PBXProject section */
		C9EB56B51EAE33C1000EC5F4 /* Project object */ = {
			isa = PBXProject;
			attributes = {
				LastSwiftUpdateCheck = 0830;
				LastUpgradeCheck = 0930;
				ORGANIZATIONNAME = "";
				TargetAttributes = {
					C9EB56BC1EAE33C1000EC5F4 = {
						CreatedOnToolsVersion = 8.3.2;
						ProvisioningStyle = Automatic;
					};
				};
			};
			buildConfigurationList = C9EB56B81EAE33C1000EC5F4 /* Build configuration list for PBXProject "RecordingsClient" */;
			compatibilityVersion = "Xcode 3.2";
			developmentRegion = English;
			hasScannedForEncodings = 0;
			knownRegions = (
				en,
				Base,
			);
			mainGroup = C9EB56B41EAE33C1000EC5F4;
			productRefGroup = C9EB56BE1EAE33C1000EC5F4 /* Products */;
			projectDirPath = "";
			projectRoot = "";
			targets = (
				C9EB56BC1EAE33C1000EC5F4 /* RecordingsClient */,
			);
		};
/* End PBXProject section */

/* Begin PBXResourcesBuildPhase section */
		C9EB56BB1EAE33C1000EC5F4 /* Resources */ = {
			isa = PBXResourcesBuildPhase;
			buildActionMask = 2147483647;
			files = (
				C9EB56CD1EAE33C1000EC5F4 /* LaunchScreen.storyboard in Resources */,
				C9EB56CA1EAE33C1000EC5F4 /* Assets.xcassets in Resources */,
				C9EB56C81EAE33C1000EC5F4 /* Main.storyboard in Resources */,
			);
			runOnlyForDeploymentPostprocessing = 0;
		};
/* End PBXResourcesBuildPhase section */

/* Begin PBXSourcesBuildPhase section */
		C9EB56B91EAE33C1000EC5F4 /* Sources */ = {
			isa = PBXSourcesBuildPhase;
			buildActionMask = 2147483647;
			files = (
				C9CFB02E1EC085CF004529FC /* Recorder.swift in Sources */,
				833804F41F87642100546301 /* TinyNetworking.swift in Sources */,
				C90B60971EC00343008C9347 /* Server.swift in Sources */,
				C901E684201DF24100E95407 /* Folder.swift in Sources */,
				C9DDB0CB1F166BC6004B72A3 /* ServerViewController.swift in Sources */,
				C901E683201DF24100E95407 /* Recording.swift in Sources */,
				1794418B207787F7006153E6 /* Result.swift in Sources */,
				C901E682201DF24100E95407 /* Item.swift in Sources */,
				17646A5F2080F807002AC130 /* ServerOperation.swift in Sources */,
				83A8F97A1F87701000973E0A /* TempFile.swift in Sources */,
				C9CFB0301EC08ACF004529FC /* Utilities.swift in Sources */,
				C9EB56C51EAE33C1000EC5F4 /* PlayViewController.swift in Sources */,
				C9CFB0321EC08D7E004529FC /* Player.swift in Sources */,
				C9D1859C1EC02D830028C0FA /* RecordViewController.swift in Sources */,
				C9EB56C31EAE33C1000EC5F4 /* FolderViewController.swift in Sources */,
				C9EB56C11EAE33C1000EC5F4 /* AppDelegate.swift in Sources */,
			);
			runOnlyForDeploymentPostprocessing = 0;
		};
/* End PBXSourcesBuildPhase section */

/* Begin PBXVariantGroup section */
		C9EB56C61EAE33C1000EC5F4 /* Main.storyboard */ = {
			isa = PBXVariantGroup;
			children = (
				C9EB56C71EAE33C1000EC5F4 /* Base */,
			);
			name = Main.storyboard;
			sourceTree = "<group>";
		};
		C9EB56CB1EAE33C1000EC5F4 /* LaunchScreen.storyboard */ = {
			isa = PBXVariantGroup;
			children = (
				C9EB56CC1EAE33C1000EC5F4 /* Base */,
			);
			name = LaunchScreen.storyboard;
			sourceTree = "<group>";
		};
/* End PBXVariantGroup section */

/* Begin XCBuildConfiguration section */
		C9EB56CF1EAE33C1000EC5F4 /* Debug */ = {
			isa = XCBuildConfiguration;
			buildSettings = {
				ALWAYS_SEARCH_USER_PATHS = NO;
				CLANG_ANALYZER_NONNULL = YES;
				CLANG_ANALYZER_NUMBER_OBJECT_CONVERSION = YES_AGGRESSIVE;
				CLANG_CXX_LANGUAGE_STANDARD = "gnu++0x";
				CLANG_CXX_LIBRARY = "libc++";
				CLANG_ENABLE_MODULES = YES;
				CLANG_ENABLE_OBJC_ARC = YES;
				CLANG_WARN_BLOCK_CAPTURE_AUTORELEASING = YES;
				CLANG_WARN_BOOL_CONVERSION = YES;
				CLANG_WARN_COMMA = YES;
				CLANG_WARN_CONSTANT_CONVERSION = YES;
				CLANG_WARN_DEPRECATED_OBJC_IMPLEMENTATIONS = YES;
				CLANG_WARN_DIRECT_OBJC_ISA_USAGE = YES_ERROR;
				CLANG_WARN_DOCUMENTATION_COMMENTS = YES;
				CLANG_WARN_EMPTY_BODY = YES;
				CLANG_WARN_ENUM_CONVERSION = YES;
				CLANG_WARN_INFINITE_RECURSION = YES;
				CLANG_WARN_INT_CONVERSION = YES;
				CLANG_WARN_NON_LITERAL_NULL_CONVERSION = YES;
				CLANG_WARN_OBJC_IMPLICIT_RETAIN_SELF = YES;
				CLANG_WARN_OBJC_LITERAL_CONVERSION = YES;
				CLANG_WARN_OBJC_ROOT_CLASS = YES_ERROR;
				CLANG_WARN_RANGE_LOOP_ANALYSIS = YES;
				CLANG_WARN_STRICT_PROTOTYPES = YES;
				CLANG_WARN_SUSPICIOUS_MOVE = YES;
				CLANG_WARN_UNREACHABLE_CODE = YES;
				CLANG_WARN__DUPLICATE_METHOD_MATCH = YES;
				"CODE_SIGN_IDENTITY[sdk=iphoneos*]" = "iPhone Developer";
				COPY_PHASE_STRIP = NO;
				DEBUG_INFORMATION_FORMAT = dwarf;
				ENABLE_STRICT_OBJC_MSGSEND = YES;
				ENABLE_TESTABILITY = YES;
				GCC_C_LANGUAGE_STANDARD = gnu99;
				GCC_DYNAMIC_NO_PIC = NO;
				GCC_NO_COMMON_BLOCKS = YES;
				GCC_OPTIMIZATION_LEVEL = 0;
				GCC_PREPROCESSOR_DEFINITIONS = (
					"DEBUG=1",
					"$(inherited)",
				);
				GCC_WARN_64_TO_32_BIT_CONVERSION = YES;
				GCC_WARN_ABOUT_RETURN_TYPE = YES_ERROR;
				GCC_WARN_UNDECLARED_SELECTOR = YES;
				GCC_WARN_UNINITIALIZED_AUTOS = YES_AGGRESSIVE;
				GCC_WARN_UNUSED_FUNCTION = YES;
				GCC_WARN_UNUSED_VARIABLE = YES;
				IPHONEOS_DEPLOYMENT_TARGET = 10.3;
				MTL_ENABLE_DEBUG_INFO = YES;
				ONLY_ACTIVE_ARCH = YES;
				SDKROOT = iphoneos;
				SWIFT_ACTIVE_COMPILATION_CONDITIONS = DEBUG;
				SWIFT_OPTIMIZATION_LEVEL = "-Onone";
				TARGETED_DEVICE_FAMILY = "1,2";
			};
			name = Debug;
		};
		C9EB56D01EAE33C1000EC5F4 /* Release */ = {
			isa = XCBuildConfiguration;
			buildSettings = {
				ALWAYS_SEARCH_USER_PATHS = NO;
				CLANG_ANALYZER_NONNULL = YES;
				CLANG_ANALYZER_NUMBER_OBJECT_CONVERSION = YES_AGGRESSIVE;
				CLANG_CXX_LANGUAGE_STANDARD = "gnu++0x";
				CLANG_CXX_LIBRARY = "libc++";
				CLANG_ENABLE_MODULES = YES;
				CLANG_ENABLE_OBJC_ARC = YES;
				CLANG_WARN_BLOCK_CAPTURE_AUTORELEASING = YES;
				CLANG_WARN_BOOL_CONVERSION = YES;
				CLANG_WARN_COMMA = YES;
				CLANG_WARN_CONSTANT_CONVERSION = YES;
				CLANG_WARN_DEPRECATED_OBJC_IMPLEMENTATIONS = YES;
				CLANG_WARN_DIRECT_OBJC_ISA_USAGE = YES_ERROR;
				CLANG_WARN_DOCUMENTATION_COMMENTS = YES;
				CLANG_WARN_EMPTY_BODY = YES;
				CLANG_WARN_ENUM_CONVERSION = YES;
				CLANG_WARN_INFINITE_RECURSION = YES;
				CLANG_WARN_INT_CONVERSION = YES;
				CLANG_WARN_NON_LITERAL_NULL_CONVERSION = YES;
				CLANG_WARN_OBJC_IMPLICIT_RETAIN_SELF = YES;
				CLANG_WARN_OBJC_LITERAL_CONVERSION = YES;
				CLANG_WARN_OBJC_ROOT_CLASS = YES_ERROR;
				CLANG_WARN_RANGE_LOOP_ANALYSIS = YES;
				CLANG_WARN_STRICT_PROTOTYPES = YES;
				CLANG_WARN_SUSPICIOUS_MOVE = YES;
				CLANG_WARN_UNREACHABLE_CODE = YES;
				CLANG_WARN__DUPLICATE_METHOD_MATCH = YES;
				"CODE_SIGN_IDENTITY[sdk=iphoneos*]" = "iPhone Developer";
				COPY_PHASE_STRIP = NO;
				DEBUG_INFORMATION_FORMAT = "dwarf-with-dsym";
				ENABLE_NS_ASSERTIONS = NO;
				ENABLE_STRICT_OBJC_MSGSEND = YES;
				GCC_C_LANGUAGE_STANDARD = gnu99;
				GCC_NO_COMMON_BLOCKS = YES;
				GCC_WARN_64_TO_32_BIT_CONVERSION = YES;
				GCC_WARN_ABOUT_RETURN_TYPE = YES_ERROR;
				GCC_WARN_UNDECLARED_SELECTOR = YES;
				GCC_WARN_UNINITIALIZED_AUTOS = YES_AGGRESSIVE;
				GCC_WARN_UNUSED_FUNCTION = YES;
				GCC_WARN_UNUSED_VARIABLE = YES;
				IPHONEOS_DEPLOYMENT_TARGET = 10.3;
				MTL_ENABLE_DEBUG_INFO = NO;
				SDKROOT = iphoneos;
				SWIFT_OPTIMIZATION_LEVEL = "-Owholemodule";
				TARGETED_DEVICE_FAMILY = "1,2";
				VALIDATE_PRODUCT = YES;
			};
			name = Release;
		};
		C9EB56D21EAE33C1000EC5F4 /* Debug */ = {
			isa = XCBuildConfiguration;
			buildSettings = {
				ASSETCATALOG_COMPILER_APPICON_NAME = AppIcon;
				DEVELOPMENT_TEAM = "";
				INFOPLIST_FILE = RecordingsClient/Info.plist;
				LD_RUNPATH_SEARCH_PATHS = "$(inherited) @executable_path/Frameworks";
				PRODUCT_BUNDLE_IDENTIFIER = "io.objc.Recordings-Controller-Owned";
				PRODUCT_NAME = Recordings;
				SWIFT_VERSION = 4.0;
			};
			name = Debug;
		};
		C9EB56D31EAE33C1000EC5F4 /* Release */ = {
			isa = XCBuildConfiguration;
			buildSettings = {
				ASSETCATALOG_COMPILER_APPICON_NAME = AppIcon;
				DEVELOPMENT_TEAM = "";
				INFOPLIST_FILE = RecordingsClient/Info.plist;
				LD_RUNPATH_SEARCH_PATHS = "$(inherited) @executable_path/Frameworks";
				PRODUCT_BUNDLE_IDENTIFIER = "io.objc.Recordings-Controller-Owned";
				PRODUCT_NAME = Recordings;
				SWIFT_VERSION = 4.0;
			};
			name = Release;
		};
/* End XCBuildConfiguration section */

/* Begin XCConfigurationList section */
		C9EB56B81EAE33C1000EC5F4 /* Build configuration list for PBXProject "RecordingsClient" */ = {
			isa = XCConfigurationList;
			buildConfigurations = (
				C9EB56CF1EAE33C1000EC5F4 /* Debug */,
				C9EB56D01EAE33C1000EC5F4 /* Release */,
			);
			defaultConfigurationIsVisible = 0;
			defaultConfigurationName = Release;
		};
		C9EB56D11EAE33C1000EC5F4 /* Build configuration list for PBXNativeTarget "RecordingsClient" */ = {
			isa = XCConfigurationList;
			buildConfigurations = (
				C9EB56D21EAE33C1000EC5F4 /* Debug */,
				C9EB56D31EAE33C1000EC5F4 /* Release */,
			);
			defaultConfigurationIsVisible = 0;
			defaultConfigurationName = Release;
		};
/* End XCConfigurationList section */
	};
	rootObject = C9EB56B51EAE33C1000EC5F4 /* Project object */;
}
