// !$*UTF8*$!
{
	archiveVersion = 1;
	classes = {
	};
	objectVersion = 50;
	objects = {

/* Begin PBXBuildFile section */
		C94FE8BE205AECBD00000EE6 /* AppDelegate.swift in Sources */ = {isa = PBXBuildFile; fileRef = C94FE8BD205AECBD00000EE6 /* AppDelegate.swift */; };
		C94FE8C0205AECBD00000EE6 /* ViewController.swift in Sources */ = {isa = PBXBuildFile; fileRef = C94FE8BF205AECBD00000EE6 /* ViewController.swift */; };
		C94FE8C3205AECBD00000EE6 /* Main.storyboard in Resources */ = {isa = PBXBuildFile; fileRef = C94FE8C1205AECBD00000EE6 /* Main.storyboard */; };
		C94FE8C5205AECBF00000EE6 /* Assets.xcassets in Resources */ = {isa = PBXBuildFile; fileRef = C94FE8C4205AECBF00000EE6 /* Assets.xcassets */; };
		C94FE8C8205AECBF00000EE6 /* LaunchScreen.storyboard in Resources */ = {isa = PBXBuildFile; fileRef = C94FE8C6205AECBF00000EE6 /* LaunchScreen.storyboard */; };
		C94FE8D0205AF07B00000EE6 /* Model.swift in Sources */ = {isa = PBXBuildFile; fileRef = C94FE8CF205AF07B00000EE6 /* Model.swift */; };
		C94FE8DA205B1BE700000EE6 /* CwlViewsPlatform_iOS2.swift in Sources */ = {isa = PBXBuildFile; fileRef = C94FE8D2205B1BE600000EE6 /* CwlViewsPlatform_iOS2.swift */; };
		C94FE8DB205B1BE700000EE6 /* CwlViewsPlatform_iOS3.swift in Sources */ = {isa = PBXBuildFile; fileRef = C94FE8D3205B1BE600000EE6 /* CwlViewsPlatform_iOS3.swift */; };
		C94FE8DC205B1BE700000EE6 /* CwlViewsPlatform_iOS1.swift in Sources */ = {isa = PBXBuildFile; fileRef = C94FE8D4205B1BE600000EE6 /* CwlViewsPlatform_iOS1.swift */; };
		C94FE8DD205B1BE700000EE6 /* CwlSignalExtensions.swift in Sources */ = {isa = PBXBuildFile; fileRef = C94FE8D5205B1BE600000EE6 /* CwlSignalExtensions.swift */; };
		C94FE8DE205B1BE700000EE6 /* CwlViewsCommon.swift in Sources */ = {isa = PBXBuildFile; fileRef = C94FE8D6205B1BE600000EE6 /* CwlViewsCommon.swift */; };
		C94FE8DF205B1BE700000EE6 /* CwlSignal.swift in Sources */ = {isa = PBXBuildFile; fileRef = C94FE8D7205B1BE600000EE6 /* CwlSignal.swift */; };
		C94FE8E0205B1BE700000EE6 /* CwlUtils.swift in Sources */ = {isa = PBXBuildFile; fileRef = C94FE8D8205B1BE600000EE6 /* CwlUtils.swift */; };
		C94FE8E1205B1BE700000EE6 /* CwlViewsCore.swift in Sources */ = {isa = PBXBuildFile; fileRef = C94FE8D9205B1BE600000EE6 /* CwlViewsCore.swift */; };
		C94FE8E3205B7A7C00000EE6 /* KeyboardSizedView.swift in Sources */ = {isa = PBXBuildFile; fileRef = C94FE8E2205B7A7C00000EE6 /* KeyboardSizedView.swift */; };
		C94FE8E7205D5E6500000EE6 /* Elm.swift in Sources */ = {isa = PBXBuildFile; fileRef = C94FE8E6205D5E6500000EE6 /* Elm.swift */; };
/* End PBXBuildFile section */

/* Begin PBXFileReference section */
		C94FE8BA205AECBD00000EE6 /* MultiPattern.app */ = {isa = PBXFileReference; explicitFileType = wrapper.application; includeInIndex = 0; path = MultiPattern.app; sourceTree = BUILT_PRODUCTS_DIR; };
		C94FE8BD205AECBD00000EE6 /* AppDelegate.swift */ = {isa = PBXFileReference; lastKnownFileType = sourcecode.swift; path = AppDelegate.swift; sourceTree = "<group>"; };
		C94FE8BF205AECBD00000EE6 /* ViewController.swift */ = {isa = PBXFileReference; lastKnownFileType = sourcecode.swift; path = ViewController.swift; sourceTree = "<group>"; };
		C94FE8C2205AECBD00000EE6 /* Base */ = {isa = PBXFileReference; lastKnownFileType = file.storyboard; name = Base; path = Base.lproj/Main.storyboard; sourceTree = "<group>"; };
		C94FE8C4205AECBF00000EE6 /* Assets.xcassets */ = {isa = PBXFileReference; lastKnownFileType = folder.assetcatalog; path = Assets.xcassets; sourceTree = "<group>"; };
		C94FE8C7205AECBF00000EE6 /* Base */ = {isa = PBXFileReference; lastKnownFileType = file.storyboard; name = Base; path = Base.lproj/LaunchScreen.storyboard; sourceTree = "<group>"; };
		C94FE8C9205AECBF00000EE6 /* Info.plist */ = {isa = PBXFileReference; lastKnownFileType = text.plist.xml; path = Info.plist; sourceTree = "<group>"; };
		C94FE8CF205AF07B00000EE6 /* Model.swift */ = {isa = PBXFileReference; lastKnownFileType = sourcecode.swift; path = Model.swift; sourceTree = "<group>"; };
		C94FE8D2205B1BE600000EE6 /* CwlViewsPlatform_iOS2.swift */ = {isa = PBXFileReference; fileEncoding = 4; lastKnownFileType = sourcecode.swift; path = CwlViewsPlatform_iOS2.swift; sourceTree = "<group>"; };
		C94FE8D3205B1BE600000EE6 /* CwlViewsPlatform_iOS3.swift */ = {isa = PBXFileReference; fileEncoding = 4; lastKnownFileType = sourcecode.swift; path = CwlViewsPlatform_iOS3.swift; sourceTree = "<group>"; };
		C94FE8D4205B1BE600000EE6 /* CwlViewsPlatform_iOS1.swift */ = {isa = PBXFileReference; fileEncoding = 4; lastKnownFileType = sourcecode.swift; path = CwlViewsPlatform_iOS1.swift; sourceTree = "<group>"; };
		C94FE8D5205B1BE600000EE6 /* CwlSignalExtensions.swift */ = {isa = PBXFileReference; fileEncoding = 4; lastKnownFileType = sourcecode.swift; path = CwlSignalExtensions.swift; sourceTree = "<group>"; };
		C94FE8D6205B1BE600000EE6 /* CwlViewsCommon.swift */ = {isa = PBXFileReference; fileEncoding = 4; lastKnownFileType = sourcecode.swift; path = CwlViewsCommon.swift; sourceTree = "<group>"; };
		C94FE8D7205B1BE600000EE6 /* CwlSignal.swift */ = {isa = PBXFileReference; fileEncoding = 4; lastKnownFileType = sourcecode.swift; path = CwlSignal.swift; sourceTree = "<group>"; };
		C94FE8D8205B1BE600000EE6 /* CwlUtils.swift */ = {isa = PBXFileReference; fileEncoding = 4; lastKnownFileType = sourcecode.swift; path = CwlUtils.swift; sourceTree = "<group>"; };
		C94FE8D9205B1BE600000EE6 /* CwlViewsCore.swift */ = {isa = PBXFileReference; fileEncoding = 4; lastKnownFileType = sourcecode.swift; path = CwlViewsCore.swift; sourceTree = "<group>"; };
		C94FE8E2205B7A7C00000EE6 /* KeyboardSizedView.swift */ = {isa = PBXFileReference; fileEncoding = 4; lastKnownFileType = sourcecode.swift; path = KeyboardSizedView.swift; sourceTree = "<group>"; };
		C94FE8E6205D5E6500000EE6 /* Elm.swift */ = {isa = PBXFileReference; fileEncoding = 4; lastKnownFileType = sourcecode.swift; path = Elm.swift; sourceTree = "<group>"; };
/* End PBXFileReference section */

/* Begin PBXFrameworksBuildPhase section */
		C94FE8B7205AECBD00000EE6 /* Frameworks */ = {
			isa = PBXFrameworksBuildPhase;
			buildActionMask = 2147483647;
			files = (
			);
			runOnlyForDeploymentPostprocessing = 0;
		};
/* End PBXFrameworksBuildPhase section */

/* Begin PBXGroup section */
		C94FE8B1205AECBD00000EE6 = {
			isa = PBXGroup;
			children = (
				C94FE8BC205AECBD00000EE6 /* MultiPattern */,
				C94FE8BB205AECBD00000EE6 /* Products */,
			);
			sourceTree = "<group>";
		};
		C94FE8BB205AECBD00000EE6 /* Products */ = {
			isa = PBXGroup;
			children = (
				C94FE8BA205AECBD00000EE6 /* MultiPattern.app */,
			);
			name = Products;
			sourceTree = "<group>";
		};
		C94FE8BC205AECBD00000EE6 /* MultiPattern */ = {
			isa = PBXGroup;
			children = (
				C94FE8BD205AECBD00000EE6 /* AppDelegate.swift */,
				C94FE8BF205AECBD00000EE6 /* ViewController.swift */,
				C94FE8E6205D5E6500000EE6 /* Elm.swift */,
				C94FE8C1205AECBD00000EE6 /* Main.storyboard */,
				C94FE8C4205AECBF00000EE6 /* Assets.xcassets */,
				C94FE8C6205AECBF00000EE6 /* LaunchScreen.storyboard */,
				C94FE8C9205AECBF00000EE6 /* Info.plist */,
				C94FE8CF205AF07B00000EE6 /* Model.swift */,
				C94FE8E2205B7A7C00000EE6 /* KeyboardSizedView.swift */,
				C94FE8D1205B1BE600000EE6 /* CwlViews */,
			);
			path = MultiPattern;
			sourceTree = "<group>";
		};
		C94FE8D1205B1BE600000EE6 /* CwlViews */ = {
			isa = PBXGroup;
			children = (
				C94FE8D2205B1BE600000EE6 /* CwlViewsPlatform_iOS2.swift */,
				C94FE8D3205B1BE600000EE6 /* CwlViewsPlatform_iOS3.swift */,
				C94FE8D4205B1BE600000EE6 /* CwlViewsPlatform_iOS1.swift */,
				C94FE8D5205B1BE600000EE6 /* CwlSignalExtensions.swift */,
				C94FE8D6205B1BE600000EE6 /* CwlViewsCommon.swift */,
				C94FE8D7205B1BE600000EE6 /* CwlSignal.swift */,
				C94FE8D8205B1BE600000EE6 /* CwlUtils.swift */,
				C94FE8D9205B1BE600000EE6 /* CwlViewsCore.swift */,
			);
			path = CwlViews;
			sourceTree = "<group>";
		};
/* End PBXGroup section */

/* Begin PBXNativeTarget section */
		C94FE8B9205AECBD00000EE6 /* MultiPattern */ = {
			isa = PBXNativeTarget;
			buildConfigurationList = C94FE8CC205AECC000000EE6 /* Build configuration list for PBXNativeTarget "MultiPattern" */;
			buildPhases = (
				C94FE8B6205AECBD00000EE6 /* Sources */,
				C94FE8B7205AECBD00000EE6 /* Frameworks */,
				C94FE8B8205AECBD00000EE6 /* Resources */,
			);
			buildRules = (
			);
			dependencies = (
			);
			name = MultiPattern;
			productName = MultiPattern;
			productReference = C94FE8BA205AECBD00000EE6 /* MultiPattern.app */;
			productType = "com.apple.product-type.application";
		};
/* End PBXNativeTarget section */

/* Begin PBXProject section */
		C94FE8B2205AECBD00000EE6 /* Project object */ = {
			isa = PBXProject;
			attributes = {
				LastSwiftUpdateCheck = 0930;
				LastUpgradeCheck = 0930;
				ORGANIZATIONNAME = "Matt Gallagher";
				TargetAttributes = {
					C94FE8B9205AECBD00000EE6 = {
						CreatedOnToolsVersion = 9.3;
					};
				};
			};
			buildConfigurationList = C94FE8B5205AECBD00000EE6 /* Build configuration list for PBXProject "MultiPattern" */;
			compatibilityVersion = "Xcode 9.3";
			developmentRegion = en;
			hasScannedForEncodings = 0;
			knownRegions = (
				en,
				Base,
			);
			mainGroup = C94FE8B1205AECBD00000EE6;
			productRefGroup = C94FE8BB205AECBD00000EE6 /* Products */;
			projectDirPath = "";
			projectRoot = "";
			targets = (
				C94FE8B9205AECBD00000EE6 /* MultiPattern */,
			);
		};
/* End PBXProject section */

/* Begin PBXResourcesBuildPhase section */
		C94FE8B8205AECBD00000EE6 /* Resources */ = {
			isa = PBXResourcesBuildPhase;
			buildActionMask = 2147483647;
			files = (
				C94FE8C8205AECBF00000EE6 /* LaunchScreen.storyboard in Resources */,
				C94FE8C5205AECBF00000EE6 /* Assets.xcassets in Resources */,
				C94FE8C3205AECBD00000EE6 /* Main.storyboard in Resources */,
			);
			runOnlyForDeploymentPostprocessing = 0;
		};
/* End PBXResourcesBuildPhase section */

/* Begin PBXSourcesBuildPhase section */
		C94FE8B6205AECBD00000EE6 /* Sources */ = {
			isa = PBXSourcesBuildPhase;
			buildActionMask = 2147483647;
			files = (
				C94FE8DF205B1BE700000EE6 /* CwlSignal.swift in Sources */,
				C94FE8E3205B7A7C00000EE6 /* KeyboardSizedView.swift in Sources */,
				C94FE8E1205B1BE700000EE6 /* CwlViewsCore.swift in Sources */,
				C94FE8DC205B1BE700000EE6 /* CwlViewsPlatform_iOS1.swift in Sources */,
				C94FE8D0205AF07B00000EE6 /* Model.swift in Sources */,
				C94FE8C0205AECBD00000EE6 /* ViewController.swift in Sources */,
				C94FE8BE205AECBD00000EE6 /* AppDelegate.swift in Sources */,
				C94FE8DE205B1BE700000EE6 /* CwlViewsCommon.swift in Sources */,
				C94FE8DA205B1BE700000EE6 /* CwlViewsPlatform_iOS2.swift in Sources */,
				C94FE8DB205B1BE700000EE6 /* CwlViewsPlatform_iOS3.swift in Sources */,
				C94FE8E0205B1BE700000EE6 /* CwlUtils.swift in Sources */,
				C94FE8E7205D5E6500000EE6 /* Elm.swift in Sources */,
				C94FE8DD205B1BE700000EE6 /* CwlSignalExtensions.swift in Sources */,
			);
			runOnlyForDeploymentPostprocessing = 0;
		};
/* End PBXSourcesBuildPhase section */

/* Begin PBXVariantGroup section */
		C94FE8C1205AECBD00000EE6 /* Main.storyboard */ = {
			isa = PBXVariantGroup;
			children = (
				C94FE8C2205AECBD00000EE6 /* Base */,
			);
			name = Main.storyboard;
			sourceTree = "<group>";
		};
		C94FE8C6205AECBF00000EE6 /* LaunchScreen.storyboard */ = {
			isa = PBXVariantGroup;
			children = (
				C94FE8C7205AECBF00000EE6 /* Base */,
			);
			name = LaunchScreen.storyboard;
			sourceTree = "<group>";
		};
/* End PBXVariantGroup section */

/* Begin XCBuildConfiguration section */
		C94FE8CA205AECBF00000EE6 /* Debug */ = {
			isa = XCBuildConfiguration;
			buildSettings = {
				ALWAYS_SEARCH_USER_PATHS = NO;
				CLANG_ANALYZER_NONNULL = YES;
				CLANG_ANALYZER_NUMBER_OBJECT_CONVERSION = YES_AGGRESSIVE;
				CLANG_CXX_LANGUAGE_STANDARD = "gnu++14";
				CLANG_CXX_LIBRARY = "libc++";
				CLANG_ENABLE_MODULES = YES;
				CLANG_ENABLE_OBJC_ARC = YES;
				CLANG_ENABLE_OBJC_WEAK = YES;
				CLANG_WARN_BLOCK_CAPTURE_AUTORELEASING = YES;
				CLANG_WARN_BOOL_CONVERSION = YES;
				CLANG_WARN_COMMA = YES;
				CLANG_WARN_CONSTANT_CONVERSION = YES;
				CLANG_WARN_DEPRECATED_OBJC_IMPLEMENTATIONS = YES;
				CLANG_WARN_DIRECT_OBJC_ISA_USAGE = YES_ERROR;
				CLANG_WARN_DOCUMENTATION_COMMENTS = YES;
				CLANG_WARN_EMPTY_BODY = YES;
				CLANG_WARN_ENUM_CONVERSION = YES;
				CLANG_WARN_INFINITE_RECURSION = YES;
				CLANG_WARN_INT_CONVERSION = YES;
				CLANG_WARN_NON_LITERAL_NULL_CONVERSION = YES;
				CLANG_WARN_OBJC_IMPLICIT_RETAIN_SELF = YES;
				CLANG_WARN_OBJC_LITERAL_CONVERSION = YES;
				CLANG_WARN_OBJC_ROOT_CLASS = YES_ERROR;
				CLANG_WARN_RANGE_LOOP_ANALYSIS = YES;
				CLANG_WARN_STRICT_PROTOTYPES = YES;
				CLANG_WARN_SUSPICIOUS_MOVE = YES;
				CLANG_WARN_UNGUARDED_AVAILABILITY = YES_AGGRESSIVE;
				CLANG_WARN_UNREACHABLE_CODE = YES;
				CLANG_WARN__DUPLICATE_METHOD_MATCH = YES;
				CODE_SIGN_IDENTITY = "iPhone Developer";
				COPY_PHASE_STRIP = NO;
				DEBUG_INFORMATION_FORMAT = dwarf;
				ENABLE_STRICT_OBJC_MSGSEND = YES;
				ENABLE_TESTABILITY = YES;
				GCC_C_LANGUAGE_STANDARD = gnu11;
				GCC_DYNAMIC_NO_PIC = NO;
				GCC_NO_COMMON_BLOCKS = YES;
				GCC_OPTIMIZATION_LEVEL = 0;
				GCC_PREPROCESSOR_DEFINITIONS = (
					"DEBUG=1",
					"$(inherited)",
				);
				GCC_WARN_64_TO_32_BIT_CONVERSION = YES;
				GCC_WARN_ABOUT_RETURN_TYPE = YES_ERROR;
				GCC_WARN_UNDECLARED_SELECTOR = YES;
				GCC_WARN_UNINITIALIZED_AUTOS = YES_AGGRESSIVE;
				GCC_WARN_UNUSED_FUNCTION = YES;
				GCC_WARN_UNUSED_VARIABLE = YES;
				IPHONEOS_DEPLOYMENT_TARGET = 11.3;
				MTL_ENABLE_DEBUG_INFO = YES;
				ONLY_ACTIVE_ARCH = YES;
				SDKROOT = iphoneos;
				SWIFT_ACTIVE_COMPILATION_CONDITIONS = DEBUG;
				SWIFT_OPTIMIZATION_LEVEL = "-Onone";
			};
			name = Debug;
		};
		C94FE8CB205AECBF00000EE6 /* Release */ = {
			isa = XCBuildConfiguration;
			buildSettings = {
				ALWAYS_SEARCH_USER_PATHS = NO;
				CLANG_ANALYZER_NONNULL = YES;
				CLANG_ANALYZER_NUMBER_OBJECT_CONVERSION = YES_AGGRESSIVE;
				CLANG_CXX_LANGUAGE_STANDARD = "gnu++14";
				CLANG_CXX_LIBRARY = "libc++";
				CLANG_ENABLE_MODULES = YES;
				CLANG_ENABLE_OBJC_ARC = YES;
				CLANG_ENABLE_OBJC_WEAK = YES;
				CLANG_WARN_BLOCK_CAPTURE_AUTORELEASING = YES;
				CLANG_WARN_BOOL_CONVERSION = YES;
				CLANG_WARN_COMMA = YES;
				CLANG_WARN_CONSTANT_CONVERSION = YES;
				CLANG_WARN_DEPRECATED_OBJC_IMPLEMENTATIONS = YES;
				CLANG_WARN_DIRECT_OBJC_ISA_USAGE = YES_ERROR;
				CLANG_WARN_DOCUMENTATION_COMMENTS = YES;
				CLANG_WARN_EMPTY_BODY = YES;
				CLANG_WARN_ENUM_CONVERSION = YES;
				CLANG_WARN_INFINITE_RECURSION = YES;
				CLANG_WARN_INT_CONVERSION = YES;
				CLANG_WARN_NON_LITERAL_NULL_CONVERSION = YES;
				CLANG_WARN_OBJC_IMPLICIT_RETAIN_SELF = YES;
				CLANG_WARN_OBJC_LITERAL_CONVERSION = YES;
				CLANG_WARN_OBJC_ROOT_CLASS = YES_ERROR;
				CLANG_WARN_RANGE_LOOP_ANALYSIS = YES;
				CLANG_WARN_STRICT_PROTOTYPES = YES;
				CLANG_WARN_SUSPICIOUS_MOVE = YES;
				CLANG_WARN_UNGUARDED_AVAILABILITY = YES_AGGRESSIVE;
				CLANG_WARN_UNREACHABLE_CODE = YES;
				CLANG_WARN__DUPLICATE_METHOD_MATCH = YES;
				CODE_SIGN_IDENTITY = "iPhone Developer";
				COPY_PHASE_STRIP = NO;
				DEBUG_INFORMATION_FORMAT = "dwarf-with-dsym";
				ENABLE_NS_ASSERTIONS = NO;
				ENABLE_STRICT_OBJC_MSGSEND = YES;
				GCC_C_LANGUAGE_STANDARD = gnu11;
				GCC_NO_COMMON_BLOCKS = YES;
				GCC_WARN_64_TO_32_BIT_CONVERSION = YES;
				GCC_WARN_ABOUT_RETURN_TYPE = YES_ERROR;
				GCC_WARN_UNDECLARED_SELECTOR = YES;
				GCC_WARN_UNINITIALIZED_AUTOS = YES_AGGRESSIVE;
				GCC_WARN_UNUSED_FUNCTION = YES;
				GCC_WARN_UNUSED_VARIABLE = YES;
				IPHONEOS_DEPLOYMENT_TARGET = 11.3;
				MTL_ENABLE_DEBUG_INFO = NO;
				SDKROOT = iphoneos;
				SWIFT_COMPILATION_MODE = wholemodule;
				SWIFT_OPTIMIZATION_LEVEL = "-O";
				VALIDATE_PRODUCT = YES;
			};
			name = Release;
		};
		C94FE8CD205AECC000000EE6 /* Debug */ = {
			isa = XCBuildConfiguration;
			buildSettings = {
				ASSETCATALOG_COMPILER_APPICON_NAME = AppIcon;
				CODE_SIGN_STYLE = Automatic;
				DEVELOPMENT_TEAM = S7YQ892G6G;
				INFOPLIST_FILE = MultiPattern/Info.plist;
				LD_RUNPATH_SEARCH_PATHS = (
					"$(inherited)",
					"@executable_path/Frameworks",
				);
				PRODUCT_BUNDLE_IDENTIFIER = com.cocoawithlove.MultiPattern;
				PRODUCT_NAME = "$(TARGET_NAME)";
				SWIFT_VERSION = 4.0;
				TARGETED_DEVICE_FAMILY = "1,2";
			};
			name = Debug;
		};
		C94FE8CE205AECC000000EE6 /* Release */ = {
			isa = XCBuildConfiguration;
			buildSettings = {
				ASSETCATALOG_COMPILER_APPICON_NAME = AppIcon;
				CODE_SIGN_STYLE = Automatic;
				DEVELOPMENT_TEAM = S7YQ892G6G;
				INFOPLIST_FILE = MultiPattern/Info.plist;
				LD_RUNPATH_SEARCH_PATHS = (
					"$(inherited)",
					"@executable_path/Frameworks",
				);
				PRODUCT_BUNDLE_IDENTIFIER = com.cocoawithlove.MultiPattern;
				PRODUCT_NAME = "$(TARGET_NAME)";
				SWIFT_VERSION = 4.0;
				TARGETED_DEVICE_FAMILY = "1,2";
			};
			name = Release;
		};
/* End XCBuildConfiguration section */

/* Begin XCConfigurationList section */
		C94FE8B5205AECBD00000EE6 /* Build configuration list for PBXProject "MultiPattern" */ = {
			isa = XCConfigurationList;
			buildConfigurations = (
				C94FE8CA205AECBF00000EE6 /* Debug */,
				C94FE8CB205AECBF00000EE6 /* Release */,
			);
			defaultConfigurationIsVisible = 0;
			defaultConfigurationName = Release;
		};
		C94FE8CC205AECC000000EE6 /* Build configuration list for PBXNativeTarget "MultiPattern" */ = {
			isa = XCConfigurationList;
			buildConfigurations = (
				C94FE8CD205AECC000000EE6 /* Debug */,
				C94FE8CE205AECC000000EE6 /* Release */,
			);
			defaultConfigurationIsVisible = 0;
			defaultConfigurationName = Release;
		};
/* End XCConfigurationList section */
	};
	rootObject = C94FE8B2205AECBD00000EE6 /* Project object */;
}
